// !$*UTF8*$!
{
	archiveVersion = 1;
	classes = {
	};
	objectVersion = 56;
	objects = {

/* Begin PBXBuildFile section */
		C65FDE4A2A5695E60020B9F1 /* H4XER_N3VV_App.swift in Sources */ = {isa = PBXBuildFile; fileRef = C65FDE492A5695E60020B9F1 /* H4XER_N3VV_App.swift */; };
		C65FDE4C2A5695E60020B9F1 /* ContentView.swift in Sources */ = {isa = PBXBuildFile; fileRef = C65FDE4B2A5695E60020B9F1 /* ContentView.swift */; };
		C65FDE4E2A5695E90020B9F1 /* Assets.xcassets in Resources */ = {isa = PBXBuildFile; fileRef = C65FDE4D2A5695E90020B9F1 /* Assets.xcassets */; };
		C65FDE512A5695E90020B9F1 /* Preview Assets.xcassets in Resources */ = {isa = PBXBuildFile; fileRef = C65FDE502A5695E90020B9F1 /* Preview Assets.xcassets */; };
		C6A3C4D42A57E684003C65F7 /* NetworkManager.swift in Sources */ = {isa = PBXBuildFile; fileRef = C6A3C4D32A57E684003C65F7 /* NetworkManager.swift */; };
		C6A3C4D62A57EC66003C65F7 /* PostData.swift in Sources */ = {isa = PBXBuildFile; fileRef = C6A3C4D52A57EC66003C65F7 /* PostData.swift */; };
		C6A3C4D92A59444C003C65F7 /* DetailView.swift in Sources */ = {isa = PBXBuildFile; fileRef = C6A3C4D82A59444C003C65F7 /* DetailView.swift */; };
		C6A3C4DB2A59625F003C65F7 /* WebView.swift in Sources */ = {isa = PBXBuildFile; fileRef = C6A3C4DA2A59625F003C65F7 /* WebView.swift */; };
/* End PBXBuildFile section */

/* Begin PBXFileReference section */
		C655E4BB2A5ABF8700D95087 /* H4XER N3VV$.entitlements */ = {isa = PBXFileReference; lastKnownFileType = text.plist.entitlements; path = "H4XER N3VV$.entitlements"; sourceTree = "<group>"; };
		C65FDE462A5695E60020B9F1 /* H4XER N3VV$.app */ = {isa = PBXFileReference; explicitFileType = wrapper.application; includeInIndex = 0; path = "H4XER N3VV$.app"; sourceTree = BUILT_PRODUCTS_DIR; };
		C65FDE492A5695E60020B9F1 /* H4XER_N3VV_App.swift */ = {isa = PBXFileReference; lastKnownFileType = sourcecode.swift; path = H4XER_N3VV_App.swift; sourceTree = "<group>"; };
		C65FDE4B2A5695E60020B9F1 /* ContentView.swift */ = {isa = PBXFileReference; lastKnownFileType = sourcecode.swift; path = ContentView.swift; sourceTree = "<group>"; };
		C65FDE4D2A5695E90020B9F1 /* Assets.xcassets */ = {isa = PBXFileReference; lastKnownFileType = folder.assetcatalog; path = Assets.xcassets; sourceTree = "<group>"; };
		C65FDE502A5695E90020B9F1 /* Preview Assets.xcassets */ = {isa = PBXFileReference; lastKnownFileType = folder.assetcatalog; path = "Preview Assets.xcassets"; sourceTree = "<group>"; };
		C6A3C4D32A57E684003C65F7 /* NetworkManager.swift */ = {isa = PBXFileReference; lastKnownFileType = sourcecode.swift; path = NetworkManager.swift; sourceTree = "<group>"; };
		C6A3C4D52A57EC66003C65F7 /* PostData.swift */ = {isa = PBXFileReference; lastKnownFileType = sourcecode.swift; path = PostData.swift; sourceTree = "<group>"; };
		C6A3C4D82A59444C003C65F7 /* DetailView.swift */ = {isa = PBXFileReference; lastKnownFileType = sourcecode.swift; path = DetailView.swift; sourceTree = "<group>"; };
		C6A3C4DA2A59625F003C65F7 /* WebView.swift */ = {isa = PBXFileReference; lastKnownFileType = sourcecode.swift; path = WebView.swift; sourceTree = "<group>"; };
/* End PBXFileReference section */

/* Begin PBXFrameworksBuildPhase section */
		C65FDE432A5695E60020B9F1 /* Frameworks */ = {
			isa = PBXFrameworksBuildPhase;
			buildActionMask = 2147483647;
			files = (
			);
			runOnlyForDeploymentPostprocessing = 0;
		};
/* End PBXFrameworksBuildPhase section */

/* Begin PBXGroup section */
		C65FDE3D2A5695E60020B9F1 = {
			isa = PBXGroup;
			children = (
				C65FDE482A5695E60020B9F1 /* H4XER N3VV$ */,
				C65FDE472A5695E60020B9F1 /* Products */,
			);
			sourceTree = "<group>";
		};
		C65FDE472A5695E60020B9F1 /* Products */ = {
			isa = PBXGroup;
			children = (
				C65FDE462A5695E60020B9F1 /* H4XER N3VV$.app */,
			);
			name = Products;
			sourceTree = "<group>";
		};
		C65FDE482A5695E60020B9F1 /* H4XER N3VV$ */ = {
			isa = PBXGroup;
			children = (
				C655E4BB2A5ABF8700D95087 /* H4XER N3VV$.entitlements */,
				C65FDE492A5695E60020B9F1 /* H4XER_N3VV_App.swift */,
				C6A3C4D72A59442B003C65F7 /* Views */,
				C6A3C4D22A57E649003C65F7 /* Models */,
				C65FDE4D2A5695E90020B9F1 /* Assets.xcassets */,
				C65FDE4F2A5695E90020B9F1 /* Preview Content */,
			);
			path = "H4XER N3VV$";
			sourceTree = "<group>";
		};
		C65FDE4F2A5695E90020B9F1 /* Preview Content */ = {
			isa = PBXGroup;
			children = (
				C65FDE502A5695E90020B9F1 /* Preview Assets.xcassets */,
			);
			path = "Preview Content";
			sourceTree = "<group>";
		};
		C6A3C4D22A57E649003C65F7 /* Models */ = {
			isa = PBXGroup;
			children = (
				C6A3C4D32A57E684003C65F7 /* NetworkManager.swift */,
				C6A3C4D52A57EC66003C65F7 /* PostData.swift */,
			);
			path = Models;
			sourceTree = "<group>";
		};
		C6A3C4D72A59442B003C65F7 /* Views */ = {
			isa = PBXGroup;
			children = (
				C65FDE4B2A5695E60020B9F1 /* ContentView.swift */,
				C6A3C4D82A59444C003C65F7 /* DetailView.swift */,
				C6A3C4DA2A59625F003C65F7 /* WebView.swift */,
			);
			path = Views;
			sourceTree = "<group>";
		};
/* End PBXGroup section */

/* Begin PBXNativeTarget section */
		C65FDE452A5695E60020B9F1 /* H4XER N3VV$ */ = {
			isa = PBXNativeTarget;
			buildConfigurationList = C65FDE542A5695E90020B9F1 /* Build configuration list for PBXNativeTarget "H4XER N3VV$" */;
			buildPhases = (
				C65FDE422A5695E60020B9F1 /* Sources */,
				C65FDE432A5695E60020B9F1 /* Frameworks */,
				C65FDE442A5695E60020B9F1 /* Resources */,
			);
			buildRules = (
			);
			dependencies = (
			);
			name = "H4XER N3VV$";
			productName = "H4XER N3VV$";
			productReference = C65FDE462A5695E60020B9F1 /* H4XER N3VV$.app */;
			productType = "com.apple.product-type.application";
		};
/* End PBXNativeTarget section */

/* Begin PBXProject section */
		C65FDE3E2A5695E60020B9F1 /* Project object */ = {
			isa = PBXProject;
			attributes = {
				BuildIndependentTargetsInParallel = 1;
				LastSwiftUpdateCheck = 1410;
				LastUpgradeCheck = 1410;
				TargetAttributes = {
					C65FDE452A5695E60020B9F1 = {
						CreatedOnToolsVersion = 14.1;
					};
				};
			};
			buildConfigurationList = C65FDE412A5695E60020B9F1 /* Build configuration list for PBXProject "H4XER N3VV$" */;
			compatibilityVersion = "Xcode 14.0";
			developmentRegion = en;
			hasScannedForEncodings = 0;
			knownRegions = (
				en,
				Base,
			);
			mainGroup = C65FDE3D2A5695E60020B9F1;
			productRefGroup = C65FDE472A5695E60020B9F1 /* Products */;
			projectDirPath = "";
			projectRoot = "";
			targets = (
				C65FDE452A5695E60020B9F1 /* H4XER N3VV$ */,
			);
		};
/* End PBXProject section */

/* Begin PBXResourcesBuildPhase section */
		C65FDE442A5695E60020B9F1 /* Resources */ = {
			isa = PBXResourcesBuildPhase;
			buildActionMask = 2147483647;
			files = (
				C65FDE512A5695E90020B9F1 /* Preview Assets.xcassets in Resources */,
				C65FDE4E2A5695E90020B9F1 /* Assets.xcassets in Resources */,
			);
			runOnlyForDeploymentPostprocessing = 0;
		};
/* End PBXResourcesBuildPhase section */

/* Begin PBXSourcesBuildPhase section */
		C65FDE422A5695E60020B9F1 /* Sources */ = {
			isa = PBXSourcesBuildPhase;
			buildActionMask = 2147483647;
			files = (
				C6A3C4D42A57E684003C65F7 /* NetworkManager.swift in Sources */,
				C6A3C4D62A57EC66003C65F7 /* PostData.swift in Sources */,
				C65FDE4C2A5695E60020B9F1 /* ContentView.swift in Sources */,
				C6A3C4DB2A59625F003C65F7 /* WebView.swift in Sources */,
				C6A3C4D92A59444C003C65F7 /* DetailView.swift in Sources */,
				C65FDE4A2A5695E60020B9F1 /* H4XER_N3VV_App.swift in Sources */,
			);
			runOnlyForDeploymentPostprocessing = 0;
		};
/* End PBXSourcesBuildPhase section */

/* Begin XCBuildConfiguration section */
		C65FDE522A5695E90020B9F1 /* Debug */ = {
			isa = XCBuildConfiguration;
			buildSettings = {
				ALWAYS_SEARCH_USER_PATHS = NO;
				CLANG_ANALYZER_NONNULL = YES;
				CLANG_ANALYZER_NUMBER_OBJECT_CONVERSION = YES_AGGRESSIVE;
				CLANG_CXX_LANGUAGE_STANDARD = "gnu++20";
				CLANG_ENABLE_MODULES = YES;
				CLANG_ENABLE_OBJC_ARC = YES;
				CLANG_ENABLE_OBJC_WEAK = YES;
				CLANG_WARN_BLOCK_CAPTURE_AUTORELEASING = YES;
				CLANG_WARN_BOOL_CONVERSION = YES;
				CLANG_WARN_COMMA = YES;
				CLANG_WARN_CONSTANT_CONVERSION = YES;
				CLANG_WARN_DEPRECATED_OBJC_IMPLEMENTATIONS = YES;
				CLANG_WARN_DIRECT_OBJC_ISA_USAGE = YES_ERROR;
				CLANG_WARN_DOCUMENTATION_COMMENTS = YES;
				CLANG_WARN_EMPTY_BODY = YES;
				CLANG_WARN_ENUM_CONVERSION = YES;
				CLANG_WARN_INFINITE_RECURSION = YES;
				CLANG_WARN_INT_CONVERSION = YES;
				CLANG_WARN_NON_LITERAL_NULL_CONVERSION = YES;
				CLANG_WARN_OBJC_IMPLICIT_RETAIN_SELF = YES;
				CLANG_WARN_OBJC_LITERAL_CONVERSION = YES;
				CLANG_WARN_OBJC_ROOT_CLASS = YES_ERROR;
				CLANG_WARN_QUOTED_INCLUDE_IN_FRAMEWORK_HEADER = YES;
				CLANG_WARN_RANGE_LOOP_ANALYSIS = YES;
				CLANG_WARN_STRICT_PROTOTYPES = YES;
				CLANG_WARN_SUSPICIOUS_MOVE = YES;
				CLANG_WARN_UNGUARDED_AVAILABILITY = YES_AGGRESSIVE;
				CLANG_WARN_UNREACHABLE_CODE = YES;
				CLANG_WARN__DUPLICATE_METHOD_MATCH = YES;
				COPY_PHASE_STRIP = NO;
				DEBUG_INFORMATION_FORMAT = dwarf;
				ENABLE_STRICT_OBJC_MSGSEND = YES;
				ENABLE_TESTABILITY = YES;
				GCC_C_LANGUAGE_STANDARD = gnu11;
				GCC_DYNAMIC_NO_PIC = NO;
				GCC_NO_COMMON_BLOCKS = YES;
				GCC_OPTIMIZATION_LEVEL = 0;
				GCC_PREPROCESSOR_DEFINITIONS = (
					"DEBUG=1",
					"$(inherited)",
				);
				GCC_WARN_64_TO_32_BIT_CONVERSION = YES;
				GCC_WARN_ABOUT_RETURN_TYPE = YES_ERROR;
				GCC_WARN_UNDECLARED_SELECTOR = YES;
				GCC_WARN_UNINITIALIZED_AUTOS = YES_AGGRESSIVE;
				GCC_WARN_UNUSED_FUNCTION = YES;
				GCC_WARN_UNUSED_VARIABLE = YES;
				IPHONEOS_DEPLOYMENT_TARGET = 16.1;
				MTL_ENABLE_DEBUG_INFO = INCLUDE_SOURCE;
				MTL_FAST_MATH = YES;
				ONLY_ACTIVE_ARCH = YES;
				SDKROOT = iphoneos;
				SWIFT_ACTIVE_COMPILATION_CONDITIONS = DEBUG;
				SWIFT_OPTIMIZATION_LEVEL = "-Onone";
			};
			name = Debug;
		};
		C65FDE532A5695E90020B9F1 /* Release */ = {
			isa = XCBuildConfiguration;
			buildSettings = {
				ALWAYS_SEARCH_USER_PATHS = NO;
				CLANG_ANALYZER_NONNULL = YES;
				CLANG_ANALYZER_NUMBER_OBJECT_CONVERSION = YES_AGGRESSIVE;
				CLANG_CXX_LANGUAGE_STANDARD = "gnu++20";
				CLANG_ENABLE_MODULES = YES;
				CLANG_ENABLE_OBJC_ARC = YES;
				CLANG_ENABLE_OBJC_WEAK = YES;
				CLANG_WARN_BLOCK_CAPTURE_AUTORELEASING = YES;
				CLANG_WARN_BOOL_CONVERSION = YES;
				CLANG_WARN_COMMA = YES;
				CLANG_WARN_CONSTANT_CONVERSION = YES;
				CLANG_WARN_DEPRECATED_OBJC_IMPLEMENTATIONS = YES;
				CLANG_WARN_DIRECT_OBJC_ISA_USAGE = YES_ERROR;
				CLANG_WARN_DOCUMENTATION_COMMENTS = YES;
				CLANG_WARN_EMPTY_BODY = YES;
				CLANG_WARN_ENUM_CONVERSION = YES;
				CLANG_WARN_INFINITE_RECURSION = YES;
				CLANG_WARN_INT_CONVERSION = YES;
				CLANG_WARN_NON_LITERAL_NULL_CONVERSION = YES;
				CLANG_WARN_OBJC_IMPLICIT_RETAIN_SELF = YES;
				CLANG_WARN_OBJC_LITERAL_CONVERSION = YES;
				CLANG_WARN_OBJC_ROOT_CLASS = YES_ERROR;
				CLANG_WARN_QUOTED_INCLUDE_IN_FRAMEWORK_HEADER = YES;
				CLANG_WARN_RANGE_LOOP_ANALYSIS = YES;
				CLANG_WARN_STRICT_PROTOTYPES = YES;
				CLANG_WARN_SUSPICIOUS_MOVE = YES;
				CLANG_WARN_UNGUARDED_AVAILABILITY = YES_AGGRESSIVE;
				CLANG_WARN_UNREACHABLE_CODE = YES;
				CLANG_WARN__DUPLICATE_METHOD_MATCH = YES;
				COPY_PHASE_STRIP = NO;
				DEBUG_INFORMATION_FORMAT = "dwarf-with-dsym";
				ENABLE_NS_ASSERTIONS = NO;
				ENABLE_STRICT_OBJC_MSGSEND = YES;
				GCC_C_LANGUAGE_STANDARD = gnu11;
				GCC_NO_COMMON_BLOCKS = YES;
				GCC_WARN_64_TO_32_BIT_CONVERSION = YES;
				GCC_WARN_ABOUT_RETURN_TYPE = YES_ERROR;
				GCC_WARN_UNDECLARED_SELECTOR = YES;
				GCC_WARN_UNINITIALIZED_AUTOS = YES_AGGRESSIVE;
				GCC_WARN_UNUSED_FUNCTION = YES;
				GCC_WARN_UNUSED_VARIABLE = YES;
				IPHONEOS_DEPLOYMENT_TARGET = 16.1;
				MTL_ENABLE_DEBUG_INFO = NO;
				MTL_FAST_MATH = YES;
				SDKROOT = iphoneos;
				SWIFT_COMPILATION_MODE = wholemodule;
				SWIFT_OPTIMIZATION_LEVEL = "-O";
				VALIDATE_PRODUCT = YES;
			};
			name = Release;
		};
		C65FDE552A5695E90020B9F1 /* Debug */ = {
			isa = XCBuildConfiguration;
			buildSettings = {
				ASSETCATALOG_COMPILER_APPICON_NAME = AppIcon;
				ASSETCATALOG_COMPILER_GLOBAL_ACCENT_COLOR_NAME = AccentColor;
				CODE_SIGN_ENTITLEMENTS = "H4XER N3VV$/H4XER N3VV$.entitlements";
				"CODE_SIGN_IDENTITY[sdk=macosx*]" = "Apple Development";
				CODE_SIGN_STYLE = Automatic;
				CURRENT_PROJECT_VERSION = 1;
				DEVELOPMENT_ASSET_PATHS = "\"H4XER N3VV$/Preview Content\"";
				DEVELOPMENT_TEAM = V72XNA89JC;
				ENABLE_PREVIEWS = YES;
				GENERATE_INFOPLIST_FILE = YES;
				INFOPLIST_KEY_UIApplicationSceneManifest_Generation = YES;
				INFOPLIST_KEY_UIApplicationSupportsIndirectInputEvents = YES;
				INFOPLIST_KEY_UILaunchScreen_Generation = YES;
				INFOPLIST_KEY_UISupportedInterfaceOrientations_iPad = "UIInterfaceOrientationPortrait UIInterfaceOrientationPortraitUpsideDown UIInterfaceOrientationLandscapeLeft UIInterfaceOrientationLandscapeRight";
				INFOPLIST_KEY_UISupportedInterfaceOrientations_iPhone = "UIInterfaceOrientationPortrait UIInterfaceOrientationLandscapeLeft UIInterfaceOrientationLandscapeRight";
				IPHONEOS_DEPLOYMENT_TARGET = 16.1;
				"IPHONEOS_DEPLOYMENT_TARGET[sdk=macosx*]" = 15.0;
				LD_RUNPATH_SEARCH_PATHS = (
					"$(inherited)",
					"@executable_path/Frameworks",
				);
				MARKETING_VERSION = 1.0;
				PRODUCT_BUNDLE_IDENTIFIER = "Mikhail-Kuznetsov-Dev.H4XER-N3VV-";
				PRODUCT_NAME = "$(TARGET_NAME)";
				SUPPORTED_PLATFORMS = "iphoneos iphonesimulator";
				SUPPORTS_MACCATALYST = YES;
				SUPPORTS_MAC_DESIGNED_FOR_IPHONE_IPAD = YES;
				SWIFT_EMIT_LOC_STRINGS = YES;
				SWIFT_VERSION = 5.0;
				TARGETED_DEVICE_FAMILY = "1,2,6";
			};
			name = Debug;
		};
		C65FDE562A5695E90020B9F1 /* Release */ = {
			isa = XCBuildConfiguration;
			buildSettings = {
				ASSETCATALOG_COMPILER_APPICON_NAME = AppIcon;
				ASSETCATALOG_COMPILER_GLOBAL_ACCENT_COLOR_NAME = AccentColor;
				CODE_SIGN_ENTITLEMENTS = "H4XER N3VV$/H4XER N3VV$.entitlements";
				"CODE_SIGN_IDENTITY[sdk=macosx*]" = "Apple Development";
				CODE_SIGN_STYLE = Automatic;
				CURRENT_PROJECT_VERSION = 1;
				DEVELOPMENT_ASSET_PATHS = "\"H4XER N3VV$/Preview Content\"";
				DEVELOPMENT_TEAM = V72XNA89JC;
				ENABLE_PREVIEWS = YES;
				GENERATE_INFOPLIST_FILE = YES;
				INFOPLIST_KEY_UIApplicationSceneManifest_Generation = YES;
				INFOPLIST_KEY_UIApplicationSupportsIndirectInputEvents = YES;
				INFOPLIST_KEY_UILaunchScreen_Generation = YES;
				INFOPLIST_KEY_UISupportedInterfaceOrientations_iPad = "UIInterfaceOrientationPortrait UIInterfaceOrientationPortraitUpsideDown UIInterfaceOrientationLandscapeLeft UIInterfaceOrientationLandscapeRight";
				INFOPLIST_KEY_UISupportedInterfaceOrientations_iPhone = "UIInterfaceOrientationPortrait UIInterfaceOrientationLandscapeLeft UIInterfaceOrientationLandscapeRight";
				IPHONEOS_DEPLOYMENT_TARGET = 16.1;
				"IPHONEOS_DEPLOYMENT_TARGET[sdk=macosx*]" = 15.0;
				LD_RUNPATH_SEARCH_PATHS = (
					"$(inherited)",
					"@executable_path/Frameworks",
				);
				MARKETING_VERSION = 1.0;
				PRODUCT_BUNDLE_IDENTIFIER = "Mikhail-Kuznetsov-Dev.H4XER-N3VV-";
				PRODUCT_NAME = "$(TARGET_NAME)";
				SUPPORTED_PLATFORMS = "iphoneos iphonesimulator";
				SUPPORTS_MACCATALYST = YES;
				SUPPORTS_MAC_DESIGNED_FOR_IPHONE_IPAD = YES;
				SWIFT_EMIT_LOC_STRINGS = YES;
				SWIFT_VERSION = 5.0;
				TARGETED_DEVICE_FAMILY = "1,2,6";
			};
			name = Release;
		};
/* End XCBuildConfiguration section */

/* Begin XCConfigurationList section */
		C65FDE412A5695E60020B9F1 /* Build configuration list for PBXProject "H4XER N3VV$" */ = {
			isa = XCConfigurationList;
			buildConfigurations = (
				C65FDE522A5695E90020B9F1 /* Debug */,
				C65FDE532A5695E90020B9F1 /* Release */,
			);
			defaultConfigurationIsVisible = 0;
			defaultConfigurationName = Release;
		};
		C65FDE542A5695E90020B9F1 /* Build configuration list for PBXNativeTarget "H4XER N3VV$" */ = {
			isa = XCConfigurationList;
			buildConfigurations = (
				C65FDE552A5695E90020B9F1 /* Debug */,
				C65FDE562A5695E90020B9F1 /* Release */,
			);
			defaultConfigurationIsVisible = 0;
			defaultConfigurationName = Release;
		};
/* End XCConfigurationList section */
	};
	rootObject = C65FDE3E2A5695E60020B9F1 /* Project object */;
}
